// !$*UTF8*$!
{
	archiveVersion = 1;
	classes = {
	};
	objectVersion = 56;
	objects = {

/* Begin PBXBuildFile section */
		CB36801F2A5DB8F3001B86D2 /* MatchManager.swift in Sources */ = {isa = PBXBuildFile; fileRef = CB3680182A5DB8F3001B86D2 /* MatchManager.swift */; };
		CB3680202A5DB8F3001B86D2 /* Misc.swift in Sources */ = {isa = PBXBuildFile; fileRef = CB3680192A5DB8F3001B86D2 /* Misc.swift */; };
		CB3680212A5DB8F3001B86D2 /* GameView.swift in Sources */ = {isa = PBXBuildFile; fileRef = CB36801A2A5DB8F3001B86D2 /* GameView.swift */; };
		CB3680222A5DB8F3001B86D2 /* MenuView.swift in Sources */ = {isa = PBXBuildFile; fileRef = CB36801B2A5DB8F3001B86D2 /* MenuView.swift */; };
		CB3680232A5DB8F3001B86D2 /* GameOverview.swift in Sources */ = {isa = PBXBuildFile; fileRef = CB36801C2A5DB8F3001B86D2 /* GameOverview.swift */; };
		CB3680242A5DB8F3001B86D2 /* ContentView.swift in Sources */ = {isa = PBXBuildFile; fileRef = CB36801D2A5DB8F3001B86D2 /* ContentView.swift */; };
		CB4214292A64325B0044D377 /* EllapsedTime.swift in Sources */ = {isa = PBXBuildFile; fileRef = CB4214282A64325B0044D377 /* EllapsedTime.swift */; };
		CB5716E32A7A5B9400C0A211 /* GameCenterView.swift in Sources */ = {isa = PBXBuildFile; fileRef = CB5716E22A7A5B9400C0A211 /* GameCenterView.swift */; };
		CB7933DB2A59B081004B7B39 /* tap_tapApp.swift in Sources */ = {isa = PBXBuildFile; fileRef = CB7933DA2A59B081004B7B39 /* tap_tapApp.swift */; };
		CB7933DF2A59B083004B7B39 /* Assets.xcassets in Resources */ = {isa = PBXBuildFile; fileRef = CB7933DE2A59B083004B7B39 /* Assets.xcassets */; };
		CB7933E32A59B083004B7B39 /* Preview Assets.xcassets in Resources */ = {isa = PBXBuildFile; fileRef = CB7933E22A59B083004B7B39 /* Preview Assets.xcassets */; };
		CB7933ED2A59B083004B7B39 /* tap_tapTests.swift in Sources */ = {isa = PBXBuildFile; fileRef = CB7933EC2A59B083004B7B39 /* tap_tapTests.swift */; };
		CB7933F72A59B083004B7B39 /* tap_tapUITests.swift in Sources */ = {isa = PBXBuildFile; fileRef = CB7933F62A59B083004B7B39 /* tap_tapUITests.swift */; };
		CB7933F92A59B083004B7B39 /* tap_tapUITestsLaunchTests.swift in Sources */ = {isa = PBXBuildFile; fileRef = CB7933F82A59B083004B7B39 /* tap_tapUITestsLaunchTests.swift */; };
/* End PBXBuildFile section */

/* Begin PBXContainerItemProxy section */
		CB7933E92A59B083004B7B39 /* PBXContainerItemProxy */ = {
			isa = PBXContainerItemProxy;
			containerPortal = CB7933CF2A59B081004B7B39 /* Project object */;
			proxyType = 1;
			remoteGlobalIDString = CB7933D62A59B081004B7B39;
			remoteInfo = "tap tap";
		};
		CB7933F32A59B083004B7B39 /* PBXContainerItemProxy */ = {
			isa = PBXContainerItemProxy;
			containerPortal = CB7933CF2A59B081004B7B39 /* Project object */;
			proxyType = 1;
			remoteGlobalIDString = CB7933D62A59B081004B7B39;
			remoteInfo = "tap tap";
		};
/* End PBXContainerItemProxy section */

/* Begin PBXFileReference section */
		CB3680182A5DB8F3001B86D2 /* MatchManager.swift */ = {isa = PBXFileReference; fileEncoding = 4; lastKnownFileType = sourcecode.swift; path = MatchManager.swift; sourceTree = "<group>"; };
		CB3680192A5DB8F3001B86D2 /* Misc.swift */ = {isa = PBXFileReference; fileEncoding = 4; lastKnownFileType = sourcecode.swift; path = Misc.swift; sourceTree = "<group>"; };
		CB36801A2A5DB8F3001B86D2 /* GameView.swift */ = {isa = PBXFileReference; fileEncoding = 4; lastKnownFileType = sourcecode.swift; path = GameView.swift; sourceTree = "<group>"; };
		CB36801B2A5DB8F3001B86D2 /* MenuView.swift */ = {isa = PBXFileReference; fileEncoding = 4; lastKnownFileType = sourcecode.swift; path = MenuView.swift; sourceTree = "<group>"; };
		CB36801C2A5DB8F3001B86D2 /* GameOverview.swift */ = {isa = PBXFileReference; fileEncoding = 4; lastKnownFileType = sourcecode.swift; path = GameOverview.swift; sourceTree = "<group>"; };
		CB36801D2A5DB8F3001B86D2 /* ContentView.swift */ = {isa = PBXFileReference; fileEncoding = 4; lastKnownFileType = sourcecode.swift; path = ContentView.swift; sourceTree = "<group>"; };
		CB4214282A64325B0044D377 /* EllapsedTime.swift */ = {isa = PBXFileReference; lastKnownFileType = sourcecode.swift; path = EllapsedTime.swift; sourceTree = "<group>"; };
		CB5716E22A7A5B9400C0A211 /* GameCenterView.swift */ = {isa = PBXFileReference; lastKnownFileType = sourcecode.swift; path = GameCenterView.swift; sourceTree = "<group>"; };
		CB7933D72A59B081004B7B39 /* tap tap.app */ = {isa = PBXFileReference; explicitFileType = wrapper.application; includeInIndex = 0; path = "tap tap.app"; sourceTree = BUILT_PRODUCTS_DIR; };
		CB7933DA2A59B081004B7B39 /* tap_tapApp.swift */ = {isa = PBXFileReference; lastKnownFileType = sourcecode.swift; path = tap_tapApp.swift; sourceTree = "<group>"; };
		CB7933DE2A59B083004B7B39 /* Assets.xcassets */ = {isa = PBXFileReference; lastKnownFileType = folder.assetcatalog; path = Assets.xcassets; sourceTree = "<group>"; };
		CB7933E02A59B083004B7B39 /* tap_tap.entitlements */ = {isa = PBXFileReference; lastKnownFileType = text.plist.entitlements; path = tap_tap.entitlements; sourceTree = "<group>"; };
		CB7933E22A59B083004B7B39 /* Preview Assets.xcassets */ = {isa = PBXFileReference; lastKnownFileType = folder.assetcatalog; path = "Preview Assets.xcassets"; sourceTree = "<group>"; };
		CB7933E82A59B083004B7B39 /* tap tapTests.xctest */ = {isa = PBXFileReference; explicitFileType = wrapper.cfbundle; includeInIndex = 0; path = "tap tapTests.xctest"; sourceTree = BUILT_PRODUCTS_DIR; };
		CB7933EC2A59B083004B7B39 /* tap_tapTests.swift */ = {isa = PBXFileReference; lastKnownFileType = sourcecode.swift; path = tap_tapTests.swift; sourceTree = "<group>"; };
		CB7933F22A59B083004B7B39 /* tap tapUITests.xctest */ = {isa = PBXFileReference; explicitFileType = wrapper.cfbundle; includeInIndex = 0; path = "tap tapUITests.xctest"; sourceTree = BUILT_PRODUCTS_DIR; };
		CB7933F62A59B083004B7B39 /* tap_tapUITests.swift */ = {isa = PBXFileReference; lastKnownFileType = sourcecode.swift; path = tap_tapUITests.swift; sourceTree = "<group>"; };
		CB7933F82A59B083004B7B39 /* tap_tapUITestsLaunchTests.swift */ = {isa = PBXFileReference; lastKnownFileType = sourcecode.swift; path = tap_tapUITestsLaunchTests.swift; sourceTree = "<group>"; };
/* End PBXFileReference section */

/* Begin PBXFrameworksBuildPhase section */
		CB7933D42A59B081004B7B39 /* Frameworks */ = {
			isa = PBXFrameworksBuildPhase;
			buildActionMask = 2147483647;
			files = (
			);
			runOnlyForDeploymentPostprocessing = 0;
		};
		CB7933E52A59B083004B7B39 /* Frameworks */ = {
			isa = PBXFrameworksBuildPhase;
			buildActionMask = 2147483647;
			files = (
			);
			runOnlyForDeploymentPostprocessing = 0;
		};
		CB7933EF2A59B083004B7B39 /* Frameworks */ = {
			isa = PBXFrameworksBuildPhase;
			buildActionMask = 2147483647;
			files = (
			);
			runOnlyForDeploymentPostprocessing = 0;
		};
/* End PBXFrameworksBuildPhase section */

/* Begin PBXGroup section */
		CB367FD22A5C8687001B86D2 /* Frameworks */ = {
			isa = PBXGroup;
			children = (
			);
			name = Frameworks;
			sourceTree = "<group>";
		};
		CB7933CE2A59B081004B7B39 = {
			isa = PBXGroup;
			children = (
				CB7933D92A59B081004B7B39 /* tap tap */,
				CB7933EB2A59B083004B7B39 /* tap tapTests */,
				CB7933F52A59B083004B7B39 /* tap tapUITests */,
				CB7933D82A59B081004B7B39 /* Products */,
				CB367FD22A5C8687001B86D2 /* Frameworks */,
			);
			sourceTree = "<group>";
		};
		CB7933D82A59B081004B7B39 /* Products */ = {
			isa = PBXGroup;
			children = (
				CB7933D72A59B081004B7B39 /* tap tap.app */,
				CB7933E82A59B083004B7B39 /* tap tapTests.xctest */,
				CB7933F22A59B083004B7B39 /* tap tapUITests.xctest */,
			);
			name = Products;
			sourceTree = "<group>";
		};
		CB7933D92A59B081004B7B39 /* tap tap */ = {
			isa = PBXGroup;
			children = (
				CB7933E02A59B083004B7B39 /* tap_tap.entitlements */,
				CB36801D2A5DB8F3001B86D2 /* ContentView.swift */,
				CB7933DA2A59B081004B7B39 /* tap_tapApp.swift */,
				CB36801C2A5DB8F3001B86D2 /* GameOverview.swift */,
				CB5716E22A7A5B9400C0A211 /* GameCenterView.swift */,
				CB36801A2A5DB8F3001B86D2 /* GameView.swift */,
				CB4214282A64325B0044D377 /* EllapsedTime.swift */,
				CB3680182A5DB8F3001B86D2 /* MatchManager.swift */,
				CB36801B2A5DB8F3001B86D2 /* MenuView.swift */,
				CB3680192A5DB8F3001B86D2 /* Misc.swift */,
				CB7933DE2A59B083004B7B39 /* Assets.xcassets */,
				CB7933E12A59B083004B7B39 /* Preview Content */,
			);
			path = "tap tap";
			sourceTree = "<group>";
		};
		CB7933E12A59B083004B7B39 /* Preview Content */ = {
			isa = PBXGroup;
			children = (
				CB7933E22A59B083004B7B39 /* Preview Assets.xcassets */,
			);
			path = "Preview Content";
			sourceTree = "<group>";
		};
		CB7933EB2A59B083004B7B39 /* tap tapTests */ = {
			isa = PBXGroup;
			children = (
				CB7933EC2A59B083004B7B39 /* tap_tapTests.swift */,
			);
			path = "tap tapTests";
			sourceTree = "<group>";
		};
		CB7933F52A59B083004B7B39 /* tap tapUITests */ = {
			isa = PBXGroup;
			children = (
				CB7933F62A59B083004B7B39 /* tap_tapUITests.swift */,
				CB7933F82A59B083004B7B39 /* tap_tapUITestsLaunchTests.swift */,
			);
			path = "tap tapUITests";
			sourceTree = "<group>";
		};
/* End PBXGroup section */

/* Begin PBXNativeTarget section */
		CB7933D62A59B081004B7B39 /* tap tap */ = {
			isa = PBXNativeTarget;
			buildConfigurationList = CB7933FC2A59B083004B7B39 /* Build configuration list for PBXNativeTarget "tap tap" */;
			buildPhases = (
				CB7933D32A59B081004B7B39 /* Sources */,
				CB7933D42A59B081004B7B39 /* Frameworks */,
				CB7933D52A59B081004B7B39 /* Resources */,
			);
			buildRules = (
			);
			dependencies = (
			);
			name = "tap tap";
			packageProductDependencies = (
			);
			productName = "tap tap";
			productReference = CB7933D72A59B081004B7B39 /* tap tap.app */;
			productType = "com.apple.product-type.application";
		};
		CB7933E72A59B083004B7B39 /* tap tapTests */ = {
			isa = PBXNativeTarget;
			buildConfigurationList = CB7933FF2A59B083004B7B39 /* Build configuration list for PBXNativeTarget "tap tapTests" */;
			buildPhases = (
				CB7933E42A59B083004B7B39 /* Sources */,
				CB7933E52A59B083004B7B39 /* Frameworks */,
				CB7933E62A59B083004B7B39 /* Resources */,
			);
			buildRules = (
			);
			dependencies = (
				CB7933EA2A59B083004B7B39 /* PBXTargetDependency */,
			);
			name = "tap tapTests";
			productName = "tap tapTests";
			productReference = CB7933E82A59B083004B7B39 /* tap tapTests.xctest */;
			productType = "com.apple.product-type.bundle.unit-test";
		};
		CB7933F12A59B083004B7B39 /* tap tapUITests */ = {
			isa = PBXNativeTarget;
			buildConfigurationList = CB7934022A59B083004B7B39 /* Build configuration list for PBXNativeTarget "tap tapUITests" */;
			buildPhases = (
				CB7933EE2A59B083004B7B39 /* Sources */,
				CB7933EF2A59B083004B7B39 /* Frameworks */,
				CB7933F02A59B083004B7B39 /* Resources */,
			);
			buildRules = (
			);
			dependencies = (
				CB7933F42A59B083004B7B39 /* PBXTargetDependency */,
			);
			name = "tap tapUITests";
			productName = "tap tapUITests";
			productReference = CB7933F22A59B083004B7B39 /* tap tapUITests.xctest */;
			productType = "com.apple.product-type.bundle.ui-testing";
		};
/* End PBXNativeTarget section */

/* Begin PBXProject section */
		CB7933CF2A59B081004B7B39 /* Project object */ = {
			isa = PBXProject;
			attributes = {
				BuildIndependentTargetsInParallel = 1;
				LastSwiftUpdateCheck = 1430;
				LastUpgradeCheck = 1430;
				TargetAttributes = {
					CB7933D62A59B081004B7B39 = {
						CreatedOnToolsVersion = 14.3.1;
					};
					CB7933E72A59B083004B7B39 = {
						CreatedOnToolsVersion = 14.3.1;
						TestTargetID = CB7933D62A59B081004B7B39;
					};
					CB7933F12A59B083004B7B39 = {
						CreatedOnToolsVersion = 14.3.1;
						TestTargetID = CB7933D62A59B081004B7B39;
					};
				};
			};
			buildConfigurationList = CB7933D22A59B081004B7B39 /* Build configuration list for PBXProject "tap tap" */;
			compatibilityVersion = "Xcode 14.0";
			developmentRegion = en;
			hasScannedForEncodings = 0;
			knownRegions = (
				en,
				Base,
			);
			mainGroup = CB7933CE2A59B081004B7B39;
			packageReferences = (
			);
			productRefGroup = CB7933D82A59B081004B7B39 /* Products */;
			projectDirPath = "";
			projectRoot = "";
			targets = (
				CB7933D62A59B081004B7B39 /* tap tap */,
				CB7933E72A59B083004B7B39 /* tap tapTests */,
				CB7933F12A59B083004B7B39 /* tap tapUITests */,
			);
		};
/* End PBXProject section */

/* Begin PBXResourcesBuildPhase section */
		CB7933D52A59B081004B7B39 /* Resources */ = {
			isa = PBXResourcesBuildPhase;
			buildActionMask = 2147483647;
			files = (
				CB7933E32A59B083004B7B39 /* Preview Assets.xcassets in Resources */,
				CB7933DF2A59B083004B7B39 /* Assets.xcassets in Resources */,
			);
			runOnlyForDeploymentPostprocessing = 0;
		};
		CB7933E62A59B083004B7B39 /* Resources */ = {
			isa = PBXResourcesBuildPhase;
			buildActionMask = 2147483647;
			files = (
			);
			runOnlyForDeploymentPostprocessing = 0;
		};
		CB7933F02A59B083004B7B39 /* Resources */ = {
			isa = PBXResourcesBuildPhase;
			buildActionMask = 2147483647;
			files = (
			);
			runOnlyForDeploymentPostprocessing = 0;
		};
/* End PBXResourcesBuildPhase section */

/* Begin PBXSourcesBuildPhase section */
		CB7933D32A59B081004B7B39 /* Sources */ = {
			isa = PBXSourcesBuildPhase;
			buildActionMask = 2147483647;
			files = (
				CB3680232A5DB8F3001B86D2 /* GameOverview.swift in Sources */,
				CB3680242A5DB8F3001B86D2 /* ContentView.swift in Sources */,
				CB3680222A5DB8F3001B86D2 /* MenuView.swift in Sources */,
				CB5716E32A7A5B9400C0A211 /* GameCenterView.swift in Sources */,
				CB3680202A5DB8F3001B86D2 /* Misc.swift in Sources */,
				CB36801F2A5DB8F3001B86D2 /* MatchManager.swift in Sources */,
				CB7933DB2A59B081004B7B39 /* tap_tapApp.swift in Sources */,
				CB3680212A5DB8F3001B86D2 /* GameView.swift in Sources */,
				CB4214292A64325B0044D377 /* EllapsedTime.swift in Sources */,
			);
			runOnlyForDeploymentPostprocessing = 0;
		};
		CB7933E42A59B083004B7B39 /* Sources */ = {
			isa = PBXSourcesBuildPhase;
			buildActionMask = 2147483647;
			files = (
				CB7933ED2A59B083004B7B39 /* tap_tapTests.swift in Sources */,
			);
			runOnlyForDeploymentPostprocessing = 0;
		};
		CB7933EE2A59B083004B7B39 /* Sources */ = {
			isa = PBXSourcesBuildPhase;
			buildActionMask = 2147483647;
			files = (
				CB7933F92A59B083004B7B39 /* tap_tapUITestsLaunchTests.swift in Sources */,
				CB7933F72A59B083004B7B39 /* tap_tapUITests.swift in Sources */,
			);
			runOnlyForDeploymentPostprocessing = 0;
		};
/* End PBXSourcesBuildPhase section */

/* Begin PBXTargetDependency section */
		CB7933EA2A59B083004B7B39 /* PBXTargetDependency */ = {
			isa = PBXTargetDependency;
			target = CB7933D62A59B081004B7B39 /* tap tap */;
			targetProxy = CB7933E92A59B083004B7B39 /* PBXContainerItemProxy */;
		};
		CB7933F42A59B083004B7B39 /* PBXTargetDependency */ = {
			isa = PBXTargetDependency;
			target = CB7933D62A59B081004B7B39 /* tap tap */;
			targetProxy = CB7933F32A59B083004B7B39 /* PBXContainerItemProxy */;
		};
/* End PBXTargetDependency section */

/* Begin XCBuildConfiguration section */
		CB7933FA2A59B083004B7B39 /* Debug */ = {
			isa = XCBuildConfiguration;
			buildSettings = {
				ALWAYS_SEARCH_USER_PATHS = NO;
				CLANG_ANALYZER_NONNULL = YES;
				CLANG_ANALYZER_NUMBER_OBJECT_CONVERSION = YES_AGGRESSIVE;
				CLANG_CXX_LANGUAGE_STANDARD = "gnu++20";
				CLANG_ENABLE_MODULES = YES;
				CLANG_ENABLE_OBJC_ARC = YES;
				CLANG_ENABLE_OBJC_WEAK = YES;
				CLANG_WARN_BLOCK_CAPTURE_AUTORELEASING = YES;
				CLANG_WARN_BOOL_CONVERSION = YES;
				CLANG_WARN_COMMA = YES;
				CLANG_WARN_CONSTANT_CONVERSION = YES;
				CLANG_WARN_DEPRECATED_OBJC_IMPLEMENTATIONS = YES;
				CLANG_WARN_DIRECT_OBJC_ISA_USAGE = YES_ERROR;
				CLANG_WARN_DOCUMENTATION_COMMENTS = YES;
				CLANG_WARN_EMPTY_BODY = YES;
				CLANG_WARN_ENUM_CONVERSION = YES;
				CLANG_WARN_INFINITE_RECURSION = YES;
				CLANG_WARN_INT_CONVERSION = YES;
				CLANG_WARN_NON_LITERAL_NULL_CONVERSION = YES;
				CLANG_WARN_OBJC_IMPLICIT_RETAIN_SELF = YES;
				CLANG_WARN_OBJC_LITERAL_CONVERSION = YES;
				CLANG_WARN_OBJC_ROOT_CLASS = YES_ERROR;
				CLANG_WARN_QUOTED_INCLUDE_IN_FRAMEWORK_HEADER = YES;
				CLANG_WARN_RANGE_LOOP_ANALYSIS = YES;
				CLANG_WARN_STRICT_PROTOTYPES = YES;
				CLANG_WARN_SUSPICIOUS_MOVE = YES;
				CLANG_WARN_UNGUARDED_AVAILABILITY = YES_AGGRESSIVE;
				CLANG_WARN_UNREACHABLE_CODE = YES;
				CLANG_WARN__DUPLICATE_METHOD_MATCH = YES;
				COPY_PHASE_STRIP = NO;
				DEBUG_INFORMATION_FORMAT = dwarf;
				ENABLE_STRICT_OBJC_MSGSEND = YES;
				ENABLE_TESTABILITY = YES;
				GCC_C_LANGUAGE_STANDARD = gnu11;
				GCC_DYNAMIC_NO_PIC = NO;
				GCC_NO_COMMON_BLOCKS = YES;
				GCC_OPTIMIZATION_LEVEL = 0;
				GCC_PREPROCESSOR_DEFINITIONS = (
					"DEBUG=1",
					"$(inherited)",
				);
				GCC_WARN_64_TO_32_BIT_CONVERSION = YES;
				GCC_WARN_ABOUT_RETURN_TYPE = YES_ERROR;
				GCC_WARN_UNDECLARED_SELECTOR = YES;
				GCC_WARN_UNINITIALIZED_AUTOS = YES_AGGRESSIVE;
				GCC_WARN_UNUSED_FUNCTION = YES;
				GCC_WARN_UNUSED_VARIABLE = YES;
				MTL_ENABLE_DEBUG_INFO = INCLUDE_SOURCE;
				MTL_FAST_MATH = YES;
				ONLY_ACTIVE_ARCH = YES;
				SWIFT_ACTIVE_COMPILATION_CONDITIONS = DEBUG;
				SWIFT_OPTIMIZATION_LEVEL = "-Onone";
			};
			name = Debug;
		};
		CB7933FB2A59B083004B7B39 /* Release */ = {
			isa = XCBuildConfiguration;
			buildSettings = {
				ALWAYS_SEARCH_USER_PATHS = NO;
				CLANG_ANALYZER_NONNULL = YES;
				CLANG_ANALYZER_NUMBER_OBJECT_CONVERSION = YES_AGGRESSIVE;
				CLANG_CXX_LANGUAGE_STANDARD = "gnu++20";
				CLANG_ENABLE_MODULES = YES;
				CLANG_ENABLE_OBJC_ARC = YES;
				CLANG_ENABLE_OBJC_WEAK = YES;
				CLANG_WARN_BLOCK_CAPTURE_AUTORELEASING = YES;
				CLANG_WARN_BOOL_CONVERSION = YES;
				CLANG_WARN_COMMA = YES;
				CLANG_WARN_CONSTANT_CONVERSION = YES;
				CLANG_WARN_DEPRECATED_OBJC_IMPLEMENTATIONS = YES;
				CLANG_WARN_DIRECT_OBJC_ISA_USAGE = YES_ERROR;
				CLANG_WARN_DOCUMENTATION_COMMENTS = YES;
				CLANG_WARN_EMPTY_BODY = YES;
				CLANG_WARN_ENUM_CONVERSION = YES;
				CLANG_WARN_INFINITE_RECURSION = YES;
				CLANG_WARN_INT_CONVERSION = YES;
				CLANG_WARN_NON_LITERAL_NULL_CONVERSION = YES;
				CLANG_WARN_OBJC_IMPLICIT_RETAIN_SELF = YES;
				CLANG_WARN_OBJC_LITERAL_CONVERSION = YES;
				CLANG_WARN_OBJC_ROOT_CLASS = YES_ERROR;
				CLANG_WARN_QUOTED_INCLUDE_IN_FRAMEWORK_HEADER = YES;
				CLANG_WARN_RANGE_LOOP_ANALYSIS = YES;
				CLANG_WARN_STRICT_PROTOTYPES = YES;
				CLANG_WARN_SUSPICIOUS_MOVE = YES;
				CLANG_WARN_UNGUARDED_AVAILABILITY = YES_AGGRESSIVE;
				CLANG_WARN_UNREACHABLE_CODE = YES;
				CLANG_WARN__DUPLICATE_METHOD_MATCH = YES;
				COPY_PHASE_STRIP = NO;
				DEBUG_INFORMATION_FORMAT = "dwarf-with-dsym";
				ENABLE_NS_ASSERTIONS = NO;
				ENABLE_STRICT_OBJC_MSGSEND = YES;
				GCC_C_LANGUAGE_STANDARD = gnu11;
				GCC_NO_COMMON_BLOCKS = YES;
				GCC_WARN_64_TO_32_BIT_CONVERSION = YES;
				GCC_WARN_ABOUT_RETURN_TYPE = YES_ERROR;
				GCC_WARN_UNDECLARED_SELECTOR = YES;
				GCC_WARN_UNINITIALIZED_AUTOS = YES_AGGRESSIVE;
				GCC_WARN_UNUSED_FUNCTION = YES;
				GCC_WARN_UNUSED_VARIABLE = YES;
				MTL_ENABLE_DEBUG_INFO = NO;
				MTL_FAST_MATH = YES;
				SWIFT_COMPILATION_MODE = wholemodule;
				SWIFT_OPTIMIZATION_LEVEL = "-O";
			};
			name = Release;
		};
		CB7933FD2A59B083004B7B39 /* Debug */ = {
			isa = XCBuildConfiguration;
			buildSettings = {
				ASSETCATALOG_COMPILER_APPICON_NAME = AppIcon;
				ASSETCATALOG_COMPILER_GLOBAL_ACCENT_COLOR_NAME = AccentColor;
				CODE_SIGN_ENTITLEMENTS = "tap tap/tap_tap.entitlements";
				CODE_SIGN_STYLE = Automatic;
				CURRENT_PROJECT_VERSION = 1;
				DEVELOPMENT_ASSET_PATHS = "\"tap tap/Preview Content\"";
				DEVELOPMENT_TEAM = X669LQ3729;
				ENABLE_HARDENED_RUNTIME = YES;
				ENABLE_PREVIEWS = YES;
				GENERATE_INFOPLIST_FILE = YES;
				INFOPLIST_KEY_LSApplicationCategoryType = "public.app-category.games";
				"INFOPLIST_KEY_UIApplicationSceneManifest_Generation[sdk=iphoneos*]" = YES;
				"INFOPLIST_KEY_UIApplicationSceneManifest_Generation[sdk=iphonesimulator*]" = YES;
				"INFOPLIST_KEY_UIApplicationSupportsIndirectInputEvents[sdk=iphoneos*]" = YES;
				"INFOPLIST_KEY_UIApplicationSupportsIndirectInputEvents[sdk=iphonesimulator*]" = YES;
				"INFOPLIST_KEY_UILaunchScreen_Generation[sdk=iphoneos*]" = YES;
				"INFOPLIST_KEY_UILaunchScreen_Generation[sdk=iphonesimulator*]" = YES;
				INFOPLIST_KEY_UIStatusBarStyle = "";
				"INFOPLIST_KEY_UIStatusBarStyle[sdk=iphoneos*]" = UIStatusBarStyleDefault;
				"INFOPLIST_KEY_UIStatusBarStyle[sdk=iphonesimulator*]" = UIStatusBarStyleDefault;
				INFOPLIST_KEY_UISupportedInterfaceOrientations_iPad = "UIInterfaceOrientationPortrait UIInterfaceOrientationPortraitUpsideDown UIInterfaceOrientationLandscapeLeft UIInterfaceOrientationLandscapeRight";
				INFOPLIST_KEY_UISupportedInterfaceOrientations_iPhone = "UIInterfaceOrientationPortrait UIInterfaceOrientationLandscapeLeft UIInterfaceOrientationLandscapeRight";
				IPHONEOS_DEPLOYMENT_TARGET = 16.2;
				LD_RUNPATH_SEARCH_PATHS = "@executable_path/Frameworks";
				"LD_RUNPATH_SEARCH_PATHS[sdk=macosx*]" = "@executable_path/../Frameworks";
				MACOSX_DEPLOYMENT_TARGET = 13.0;
				MARKETING_VERSION = 1.0;
				PRODUCT_BUNDLE_IDENTIFIER = "games.tap-tap";
				PRODUCT_NAME = "$(TARGET_NAME)";
				SDKROOT = auto;
				SUPPORTED_PLATFORMS = "iphoneos iphonesimulator macosx";
				SWIFT_EMIT_LOC_STRINGS = YES;
				SWIFT_VERSION = 5.0;
				TARGETED_DEVICE_FAMILY = "1,2";
			};
			name = Debug;
		};
		CB7933FE2A59B083004B7B39 /* Release */ = {
			isa = XCBuildConfiguration;
			buildSettings = {
				ASSETCATALOG_COMPILER_APPICON_NAME = AppIcon;
				ASSETCATALOG_COMPILER_GLOBAL_ACCENT_COLOR_NAME = AccentColor;
				CODE_SIGN_ENTITLEMENTS = "tap tap/tap_tap.entitlements";
				CODE_SIGN_STYLE = Automatic;
				CURRENT_PROJECT_VERSION = 1;
				DEVELOPMENT_ASSET_PATHS = "\"tap tap/Preview Content\"";
				DEVELOPMENT_TEAM = X669LQ3729;
				ENABLE_HARDENED_RUNTIME = YES;
				ENABLE_PREVIEWS = YES;
				GENERATE_INFOPLIST_FILE = YES;
				INFOPLIST_KEY_LSApplicationCategoryType = "public.app-category.games";
				"INFOPLIST_KEY_UIApplicationSceneManifest_Generation[sdk=iphoneos*]" = YES;
				"INFOPLIST_KEY_UIApplicationSceneManifest_Generation[sdk=iphonesimulator*]" = YES;
				"INFOPLIST_KEY_UIApplicationSupportsIndirectInputEvents[sdk=iphoneos*]" = YES;
				"INFOPLIST_KEY_UIApplicationSupportsIndirectInputEvents[sdk=iphonesimulator*]" = YES;
				"INFOPLIST_KEY_UILaunchScreen_Generation[sdk=iphoneos*]" = YES;
				"INFOPLIST_KEY_UILaunchScreen_Generation[sdk=iphonesimulator*]" = YES;
				INFOPLIST_KEY_UIStatusBarStyle = "";
				"INFOPLIST_KEY_UIStatusBarStyle[sdk=iphoneos*]" = UIStatusBarStyleDefault;
				"INFOPLIST_KEY_UIStatusBarStyle[sdk=iphonesimulator*]" = UIStatusBarStyleDefault;
				INFOPLIST_KEY_UISupportedInterfaceOrientations_iPad = "UIInterfaceOrientationPortrait UIInterfaceOrientationPortraitUpsideDown UIInterfaceOrientationLandscapeLeft UIInterfaceOrientationLandscapeRight";
				INFOPLIST_KEY_UISupportedInterfaceOrientations_iPhone = "UIInterfaceOrientationPortrait UIInterfaceOrientationLandscapeLeft UIInterfaceOrientationLandscapeRight";
				IPHONEOS_DEPLOYMENT_TARGET = 16.2;
				LD_RUNPATH_SEARCH_PATHS = "@executable_path/Frameworks";
				"LD_RUNPATH_SEARCH_PATHS[sdk=macosx*]" = "@executable_path/../Frameworks";
				MACOSX_DEPLOYMENT_TARGET = 13.0;
				MARKETING_VERSION = 1.0;
				PRODUCT_BUNDLE_IDENTIFIER = "games.tap-tap";
				PRODUCT_NAME = "$(TARGET_NAME)";
				SDKROOT = auto;
				SUPPORTED_PLATFORMS = "iphoneos iphonesimulator macosx";
				SWIFT_EMIT_LOC_STRINGS = YES;
				SWIFT_VERSION = 5.0;
				TARGETED_DEVICE_FAMILY = "1,2";
			};
			name = Release;
		};
		CB7934002A59B083004B7B39 /* Debug */ = {
			isa = XCBuildConfiguration;
			buildSettings = {
				ALWAYS_EMBED_SWIFT_STANDARD_LIBRARIES = YES;
				BUNDLE_LOADER = "$(TEST_HOST)";
				CODE_SIGN_STYLE = Automatic;
				CURRENT_PROJECT_VERSION = 1;
				DEVELOPMENT_TEAM = X669LQ3729;
				GENERATE_INFOPLIST_FILE = YES;
				IPHONEOS_DEPLOYMENT_TARGET = 16.4;
				MACOSX_DEPLOYMENT_TARGET = 13.0;
				MARKETING_VERSION = 1.0;
				PRODUCT_BUNDLE_IDENTIFIER = "games.tap-tapTests";
				PRODUCT_NAME = "$(TARGET_NAME)";
				SDKROOT = auto;
				SUPPORTED_PLATFORMS = "iphoneos iphonesimulator macosx";
				SWIFT_EMIT_LOC_STRINGS = NO;
				SWIFT_VERSION = 5.0;
				TARGETED_DEVICE_FAMILY = "1,2";
				TEST_HOST = "$(BUILT_PRODUCTS_DIR)/tap tap.app/$(BUNDLE_EXECUTABLE_FOLDER_PATH)/tap tap";
			};
			name = Debug;
		};
		CB7934012A59B083004B7B39 /* Release */ = {
			isa = XCBuildConfiguration;
			buildSettings = {
				ALWAYS_EMBED_SWIFT_STANDARD_LIBRARIES = YES;
				BUNDLE_LOADER = "$(TEST_HOST)";
				CODE_SIGN_STYLE = Automatic;
				CURRENT_PROJECT_VERSION = 1;
				DEVELOPMENT_TEAM = X669LQ3729;
				GENERATE_INFOPLIST_FILE = YES;
				IPHONEOS_DEPLOYMENT_TARGET = 16.4;
				MACOSX_DEPLOYMENT_TARGET = 13.0;
				MARKETING_VERSION = 1.0;
				PRODUCT_BUNDLE_IDENTIFIER = "games.tap-tapTests";
				PRODUCT_NAME = "$(TARGET_NAME)";
				SDKROOT = auto;
				SUPPORTED_PLATFORMS = "iphoneos iphonesimulator macosx";
				SWIFT_EMIT_LOC_STRINGS = NO;
				SWIFT_VERSION = 5.0;
				TARGETED_DEVICE_FAMILY = "1,2";
				TEST_HOST = "$(BUILT_PRODUCTS_DIR)/tap tap.app/$(BUNDLE_EXECUTABLE_FOLDER_PATH)/tap tap";
			};
			name = Release;
		};
		CB7934032A59B083004B7B39 /* Debug */ = {
			isa = XCBuildConfiguration;
			buildSettings = {
				ALWAYS_EMBED_SWIFT_STANDARD_LIBRARIES = YES;
				CODE_SIGN_STYLE = Automatic;
				CURRENT_PROJECT_VERSION = 1;
				DEVELOPMENT_TEAM = X669LQ3729;
				GENERATE_INFOPLIST_FILE = YES;
				IPHONEOS_DEPLOYMENT_TARGET = 16.4;
				MACOSX_DEPLOYMENT_TARGET = 13.0;
				MARKETING_VERSION = 1.0;
				PRODUCT_BUNDLE_IDENTIFIER = "games.tap-tapUITests";
				PRODUCT_NAME = "$(TARGET_NAME)";
				SDKROOT = auto;
				SUPPORTED_PLATFORMS = "iphoneos iphonesimulator macosx";
				SWIFT_EMIT_LOC_STRINGS = NO;
				SWIFT_VERSION = 5.0;
				TARGETED_DEVICE_FAMILY = "1,2";
				TEST_TARGET_NAME = "tap tap";
			};
			name = Debug;
		};
		CB7934042A59B083004B7B39 /* Release */ = {
			isa = XCBuildConfiguration;
			buildSettings = {
				ALWAYS_EMBED_SWIFT_STANDARD_LIBRARIES = YES;
				CODE_SIGN_STYLE = Automatic;
				CURRENT_PROJECT_VERSION = 1;
				DEVELOPMENT_TEAM = X669LQ3729;
				GENERATE_INFOPLIST_FILE = YES;
				IPHONEOS_DEPLOYMENT_TARGET = 16.4;
				MACOSX_DEPLOYMENT_TARGET = 13.0;
				MARKETING_VERSION = 1.0;
				PRODUCT_BUNDLE_IDENTIFIER = "games.tap-tapUITests";
				PRODUCT_NAME = "$(TARGET_NAME)";
				SDKROOT = auto;
				SUPPORTED_PLATFORMS = "iphoneos iphonesimulator macosx";
				SWIFT_EMIT_LOC_STRINGS = NO;
				SWIFT_VERSION = 5.0;
				TARGETED_DEVICE_FAMILY = "1,2";
				TEST_TARGET_NAME = "tap tap";
			};
			name = Release;
		};
/* End XCBuildConfiguration section */

/* Begin XCConfigurationList section */
		CB7933D22A59B081004B7B39 /* Build configuration list for PBXProject "tap tap" */ = {
			isa = XCConfigurationList;
			buildConfigurations = (
				CB7933FA2A59B083004B7B39 /* Debug */,
				CB7933FB2A59B083004B7B39 /* Release */,
			);
			defaultConfigurationIsVisible = 0;
			defaultConfigurationName = Release;
		};
		CB7933FC2A59B083004B7B39 /* Build configuration list for PBXNativeTarget "tap tap" */ = {
			isa = XCConfigurationList;
			buildConfigurations = (
				CB7933FD2A59B083004B7B39 /* Debug */,
				CB7933FE2A59B083004B7B39 /* Release */,
			);
			defaultConfigurationIsVisible = 0;
			defaultConfigurationName = Release;
		};
		CB7933FF2A59B083004B7B39 /* Build configuration list for PBXNativeTarget "tap tapTests" */ = {
			isa = XCConfigurationList;
			buildConfigurations = (
				CB7934002A59B083004B7B39 /* Debug */,
				CB7934012A59B083004B7B39 /* Release */,
			);
			defaultConfigurationIsVisible = 0;
			defaultConfigurationName = Release;
		};
		CB7934022A59B083004B7B39 /* Build configuration list for PBXNativeTarget "tap tapUITests" */ = {
			isa = XCConfigurationList;
			buildConfigurations = (
				CB7934032A59B083004B7B39 /* Debug */,
				CB7934042A59B083004B7B39 /* Release */,
			);
			defaultConfigurationIsVisible = 0;
			defaultConfigurationName = Release;
		};
/* End XCConfigurationList section */
	};
	rootObject = CB7933CF2A59B081004B7B39 /* Project object */;
}
